
Microsoft Visual Studio Solution File, Format Version 12.00
# Visual Studio Version 16
VisualStudioVersion = 16.0.31424.327
MinimumVisualStudioVersion = 10.0.40219.1
Project("{FAE04EC0-301F-11D3-BF4B-00C04F79EFBC}") = "GameMario", "WindowsFormsApp1\GameMario.csproj", "{ADA96FB4-1D78-4FD0-BEC2-9FFBD6D0DEAD}"
EndProject
Global
	GlobalSection(SolutionConfigurationPlatforms) = preSolution
		Debug|Any CPU = Debug|Any CPU
		Release|Any CPU = Release|Any CPU
	EndGlobalSection
	GlobalSection(ProjectConfigurationPlatforms) = postSolution
		{ADA96FB4-1D78-4FD0-BEC2-9FFBD6D0DEAD}.Debug|Any CPU.ActiveCfg = Debug|Any CPU
		{ADA96FB4-1D78-4FD0-BEC2-9FFBD6D0DEAD}.Debug|Any CPU.Build.0 = Debug|Any CPU
		{ADA96FB4-1D78-4FD0-BEC2-9FFBD6D0DEAD}.Release|Any CPU.ActiveCfg = Release|Any CPU
		{ADA96FB4-1D78-4FD0-BEC2-9FFBD6D0DEAD}.Release|Any CPU.Build.0 = Release|Any CPU
	EndGlobalSection
	GlobalSection(SolutionProperties) = preSolution
		HideSolutionNode = FALSE
	EndGlobalSection
	GlobalSection(ExtensibilityGlobals) = postSolution
		SolutionGuid = {7663C461-15E5-4507-BC63-3B40932AE784}
	EndGlobalSection
EndGlobal
